# This file was autogenerated by Stack.
# You should not edit this file by hand.
# For more information, please see the documentation at:
#   https://docs.haskellstack.org/en/stable/lock_files

packages:
- completed:
    hackage: text-format-simple-1.1.0@sha256:5815236396328f556b9896fdcb949d15b485ef05394c9dc846e94b0306cb4036,735
    pantry-tree:
      sha256: 026136165778e83cb04c587b3609d95731ccf35da07249c9eb0f29ceb6946cbb
      size: 215
  original:
    hackage: text-format-simple-1.1.0
snapshots:
- completed:
    sha256: a95a93bcb7132bf5f8ad3356998e223947852f57d4da63e0e145870ea90d9d18
    size: 619170
    url: https://raw.githubusercontent.com/commercialhaskell/stackage-snapshots/master/lts/19/19.yaml
  original:
    url: https://raw.githubusercontent.com/commercialhaskell/stackage-snapshots/master/lts/19/19.yaml
